{
  "name": "edenAi",
  "lockfileVersion": 2,
  "requires": true,
  "packages": {
    "": {
      "devDependencies": {
        "@pinia/testing": "^0.0.9"
      }
    },
    "node_modules/@pinia/testing": {
      "version": "0.0.9",
      "resolved": "https://registry.npmjs.org/@pinia/testing/-/testing-0.0.9.tgz",
      "integrity": "sha512-JG+th+BENR89/7vpRxafDApU56AECZ9m+THd8IKsgomyRXaiRRdwt0BLbjStTkksnoNZfZBCz5NszykyNxz/sQ==",
      "dev": true,
      "dependencies": {
        "vue-demi": "*"
      },
      "funding": {
        "url": "https://github.com/sponsors/posva"
      },
      "peerDependencies": {
        "pinia": "~2.0.7"
      }
    },
    "node_modules/@vue/devtools-api": {
      "version": "6.0.12",
      "resolved": "https://registry.npmjs.org/@vue/devtools-api/-/devtools-api-6.0.12.tgz",
      "integrity": "sha512-iO/4FIezHKXhiDBdKySCvJVh8/mZPxHpiQrTy+PXVqJZgpTPTdHy4q8GXulaY+UKEagdkBb0onxNQZ0LNiqVhw==",
      "dev": true,
      "peer": true
    },
    "node_modules/pinia": {
      "version": "2.0.11",
      "resolved": "https://registry.npmjs.org/pinia/-/pinia-2.0.11.tgz",
      "integrity": "sha512-JzcmnMqu28PNWOjDgEDK6fTrIzX8eQZKPPKvu/fpHdpXARUj1xeVdFi3YFIMOWswqaBd589cpmAMdSSTryI9iw==",
      "dev": true,
      "peer": true,
      "dependencies": {
        "@vue/devtools-api": "^6.0.0-beta.21",
        "vue-demi": "*"
      },
      "funding": {
        "url": "https://github.com/sponsors/posva"
      },
      "peerDependencies": {
        "@vue/composition-api": "^1.4.0",
        "typescript": ">=4.4.4",
        "vue": "^2.6.14 || ^3.2.0"
      },
      "peerDependenciesMeta": {
        "@vue/composition-api": {
          "optional": true
        },
        "typescript": {
          "optional": true
        }
      }
    },
    "node_modules/vue": {
      "version": "2.6.14",
      "resolved": "https://registry.npmjs.org/vue/-/vue-2.6.14.tgz",
      "integrity": "sha512-x2284lgYvjOMj3Za7kqzRcUSxBboHqtgRE2zlos1qWaOye5yUmHn42LB1250NJBLRwEcdrB0JRwyPTEPhfQjiQ==",
      "dev": true,
      "peer": true
    },
    "node_modules/vue-demi": {
      "version": "0.12.1",
      "resolved": "https://registry.npmjs.org/vue-demi/-/vue-demi-0.12.1.tgz",
      "integrity": "sha512-QL3ny+wX8c6Xm1/EZylbgzdoDolye+VpCXRhI2hug9dJTP3OUJ3lmiKN3CsVV3mOJKwFi0nsstbgob0vG7aoIw==",
      "dev": true,
      "hasInstallScript": true,
      "bin": {
        "vue-demi-fix": "bin/vue-demi-fix.js",
        "vue-demi-switch": "bin/vue-demi-switch.js"
      },
      "engines": {
        "node": ">=12"
      },
      "funding": {
        "url": "https://github.com/sponsors/antfu"
      },
      "peerDependencies": {
        "@vue/composition-api": "^1.0.0-rc.1",
        "vue": "^3.0.0-0 || ^2.6.0"
      },
      "peerDependenciesMeta": {
        "@vue/composition-api": {
          "optional": true
        }
      }
    }
  },
  "dependencies": {
    "@pinia/testing": {
      "version": "0.0.9",
      "resolved": "https://registry.npmjs.org/@pinia/testing/-/testing-0.0.9.tgz",
      "integrity": "sha512-JG+th+BENR89/7vpRxafDApU56AECZ9m+THd8IKsgomyRXaiRRdwt0BLbjStTkksnoNZfZBCz5NszykyNxz/sQ==",
      "dev": true,
      "requires": {
        "vue-demi": "*"
      }
    },
    "@vue/devtools-api": {
      "version": "6.0.12",
      "resolved": "https://registry.npmjs.org/@vue/devtools-api/-/devtools-api-6.0.12.tgz",
      "integrity": "sha512-iO/4FIezHKXhiDBdKySCvJVh8/mZPxHpiQrTy+PXVqJZgpTPTdHy4q8GXulaY+UKEagdkBb0onxNQZ0LNiqVhw==",
      "dev": true,
      "peer": true
    },
    "pinia": {
      "version": "2.0.11",
      "resolved": "https://registry.npmjs.org/pinia/-/pinia-2.0.11.tgz",
      "integrity": "sha512-JzcmnMqu28PNWOjDgEDK6fTrIzX8eQZKPPKvu/fpHdpXARUj1xeVdFi3YFIMOWswqaBd589cpmAMdSSTryI9iw==",
      "dev": true,
      "peer": true,
      "requires": {
        "@vue/devtools-api": "^6.0.0-beta.21",
        "vue-demi": "*"
      }
    },
    "vue": {
      "version": "2.6.14",
      "resolved": "https://registry.npmjs.org/vue/-/vue-2.6.14.tgz",
      "integrity": "sha512-x2284lgYvjOMj3Za7kqzRcUSxBboHqtgRE2zlos1qWaOye5yUmHn42LB1250NJBLRwEcdrB0JRwyPTEPhfQjiQ==",
      "dev": true,
      "peer": true
    },
    "vue-demi": {
      "version": "0.12.1",
      "resolved": "https://registry.npmjs.org/vue-demi/-/vue-demi-0.12.1.tgz",
      "integrity": "sha512-QL3ny+wX8c6Xm1/EZylbgzdoDolye+VpCXRhI2hug9dJTP3OUJ3lmiKN3CsVV3mOJKwFi0nsstbgob0vG7aoIw==",
      "dev": true,
      "requires": {}
    }
  }
}
